// !$*UTF8*$!
{
	archiveVersion = 1;
	classes = {
	};
	objectVersion = 56;
	objects = {

/* Begin PBXBuildFile section */
		2DCD094D2AE36C070040BD36 /* Photo_JournalApp.swift in Sources */ = {isa = PBXBuildFile; fileRef = 2DCD094C2AE36C070040BD36 /* Photo_JournalApp.swift */; };
		2DCD094F2AE36C070040BD36 /* ContentView.swift in Sources */ = {isa = PBXBuildFile; fileRef = 2DCD094E2AE36C070040BD36 /* ContentView.swift */; };
		2DCD09512AE36C070040BD36 /* Item.swift in Sources */ = {isa = PBXBuildFile; fileRef = 2DCD09502AE36C070040BD36 /* Item.swift */; };
		2DCD09532AE36C090040BD36 /* Assets.xcassets in Resources */ = {isa = PBXBuildFile; fileRef = 2DCD09522AE36C090040BD36 /* Assets.xcassets */; };
		2DCD09572AE36C090040BD36 /* Preview Assets.xcassets in Resources */ = {isa = PBXBuildFile; fileRef = 2DCD09562AE36C090040BD36 /* Preview Assets.xcassets */; };
		2DCD09622AE36C090040BD36 /* Photo_JournalTests.swift in Sources */ = {isa = PBXBuildFile; fileRef = 2DCD09612AE36C090040BD36 /* Photo_JournalTests.swift */; };
		2DCD096C2AE36C090040BD36 /* Photo_JournalUITests.swift in Sources */ = {isa = PBXBuildFile; fileRef = 2DCD096B2AE36C090040BD36 /* Photo_JournalUITests.swift */; };
		2DCD096E2AE36C090040BD36 /* Photo_JournalUITestsLaunchTests.swift in Sources */ = {isa = PBXBuildFile; fileRef = 2DCD096D2AE36C090040BD36 /* Photo_JournalUITestsLaunchTests.swift */; };
		2DE48B722AE48CCE009D4549 /* ArchiveView.swift in Sources */ = {isa = PBXBuildFile; fileRef = 2DE48B712AE48CCE009D4549 /* ArchiveView.swift */; };
		2DE48B742AE48F86009D4549 /* GuideView.swift in Sources */ = {isa = PBXBuildFile; fileRef = 2DE48B732AE48F86009D4549 /* GuideView.swift */; };
		2DE48B762AE496C7009D4549 /* NewJournalView.swift in Sources */ = {isa = PBXBuildFile; fileRef = 2DE48B752AE496C7009D4549 /* NewJournalView.swift */; };
		2DE48B782AE4BA70009D4549 /* MemoDetailView.swift in Sources */ = {isa = PBXBuildFile; fileRef = 2DE48B772AE4BA70009D4549 /* MemoDetailView.swift */; };
		2DE48B7E2AE4BE1E009D4549 /* MemoModel.swift in Sources */ = {isa = PBXBuildFile; fileRef = 2DE48B7D2AE4BE1E009D4549 /* MemoModel.swift */; };
/* End PBXBuildFile section */

/* Begin PBXContainerItemProxy section */
		2DCD095E2AE36C090040BD36 /* PBXContainerItemProxy */ = {
			isa = PBXContainerItemProxy;
			containerPortal = 2DCD09412AE36C070040BD36 /* Project object */;
			proxyType = 1;
			remoteGlobalIDString = 2DCD09482AE36C070040BD36;
			remoteInfo = "Photo Journal";
		};
		2DCD09682AE36C090040BD36 /* PBXContainerItemProxy */ = {
			isa = PBXContainerItemProxy;
			containerPortal = 2DCD09412AE36C070040BD36 /* Project object */;
			proxyType = 1;
			remoteGlobalIDString = 2DCD09482AE36C070040BD36;
			remoteInfo = "Photo Journal";
		};
/* End PBXContainerItemProxy section */

/* Begin PBXFileReference section */
		2DCD09492AE36C070040BD36 /* Photo Journal.app */ = {isa = PBXFileReference; explicitFileType = wrapper.application; includeInIndex = 0; path = "Photo Journal.app"; sourceTree = BUILT_PRODUCTS_DIR; };
		2DCD094C2AE36C070040BD36 /* Photo_JournalApp.swift */ = {isa = PBXFileReference; lastKnownFileType = sourcecode.swift; path = Photo_JournalApp.swift; sourceTree = "<group>"; };
		2DCD094E2AE36C070040BD36 /* ContentView.swift */ = {isa = PBXFileReference; lastKnownFileType = sourcecode.swift; path = ContentView.swift; sourceTree = "<group>"; };
		2DCD09502AE36C070040BD36 /* Item.swift */ = {isa = PBXFileReference; lastKnownFileType = sourcecode.swift; path = Item.swift; sourceTree = "<group>"; };
		2DCD09522AE36C090040BD36 /* Assets.xcassets */ = {isa = PBXFileReference; lastKnownFileType = folder.assetcatalog; path = Assets.xcassets; sourceTree = "<group>"; };
		2DCD09542AE36C090040BD36 /* Photo_Journal.entitlements */ = {isa = PBXFileReference; lastKnownFileType = text.plist.entitlements; path = Photo_Journal.entitlements; sourceTree = "<group>"; };
		2DCD09562AE36C090040BD36 /* Preview Assets.xcassets */ = {isa = PBXFileReference; lastKnownFileType = folder.assetcatalog; path = "Preview Assets.xcassets"; sourceTree = "<group>"; };
		2DCD09582AE36C090040BD36 /* Info.plist */ = {isa = PBXFileReference; lastKnownFileType = text.plist.xml; path = Info.plist; sourceTree = "<group>"; };
		2DCD095D2AE36C090040BD36 /* Photo JournalTests.xctest */ = {isa = PBXFileReference; explicitFileType = wrapper.cfbundle; includeInIndex = 0; path = "Photo JournalTests.xctest"; sourceTree = BUILT_PRODUCTS_DIR; };
		2DCD09612AE36C090040BD36 /* Photo_JournalTests.swift */ = {isa = PBXFileReference; lastKnownFileType = sourcecode.swift; path = Photo_JournalTests.swift; sourceTree = "<group>"; };
		2DCD09672AE36C090040BD36 /* Photo JournalUITests.xctest */ = {isa = PBXFileReference; explicitFileType = wrapper.cfbundle; includeInIndex = 0; path = "Photo JournalUITests.xctest"; sourceTree = BUILT_PRODUCTS_DIR; };
		2DCD096B2AE36C090040BD36 /* Photo_JournalUITests.swift */ = {isa = PBXFileReference; lastKnownFileType = sourcecode.swift; path = Photo_JournalUITests.swift; sourceTree = "<group>"; };
		2DCD096D2AE36C090040BD36 /* Photo_JournalUITestsLaunchTests.swift */ = {isa = PBXFileReference; lastKnownFileType = sourcecode.swift; path = Photo_JournalUITestsLaunchTests.swift; sourceTree = "<group>"; };
		2DE48B712AE48CCE009D4549 /* ArchiveView.swift */ = {isa = PBXFileReference; lastKnownFileType = sourcecode.swift; path = ArchiveView.swift; sourceTree = "<group>"; };
		2DE48B732AE48F86009D4549 /* GuideView.swift */ = {isa = PBXFileReference; lastKnownFileType = sourcecode.swift; path = GuideView.swift; sourceTree = "<group>"; };
		2DE48B752AE496C7009D4549 /* NewJournalView.swift */ = {isa = PBXFileReference; lastKnownFileType = sourcecode.swift; path = NewJournalView.swift; sourceTree = "<group>"; };
		2DE48B772AE4BA70009D4549 /* MemoDetailView.swift */ = {isa = PBXFileReference; lastKnownFileType = sourcecode.swift; path = MemoDetailView.swift; sourceTree = "<group>"; };
		2DE48B7D2AE4BE1E009D4549 /* MemoModel.swift */ = {isa = PBXFileReference; lastKnownFileType = sourcecode.swift; path = MemoModel.swift; sourceTree = "<group>"; };
/* End PBXFileReference section */

/* Begin PBXFrameworksBuildPhase section */
		2DCD09462AE36C070040BD36 /* Frameworks */ = {
			isa = PBXFrameworksBuildPhase;
			buildActionMask = 2147483647;
			files = (
			);
			runOnlyForDeploymentPostprocessing = 0;
		};
		2DCD095A2AE36C090040BD36 /* Frameworks */ = {
			isa = PBXFrameworksBuildPhase;
			buildActionMask = 2147483647;
			files = (
			);
			runOnlyForDeploymentPostprocessing = 0;
		};
		2DCD09642AE36C090040BD36 /* Frameworks */ = {
			isa = PBXFrameworksBuildPhase;
			buildActionMask = 2147483647;
			files = (
			);
			runOnlyForDeploymentPostprocessing = 0;
		};
/* End PBXFrameworksBuildPhase section */

/* Begin PBXGroup section */
		2DCD09402AE36C070040BD36 = {
			isa = PBXGroup;
			children = (
				2DCD094B2AE36C070040BD36 /* Photo Journal */,
				2DCD09602AE36C090040BD36 /* Photo JournalTests */,
				2DCD096A2AE36C090040BD36 /* Photo JournalUITests */,
				2DCD094A2AE36C070040BD36 /* Products */,
			);
			sourceTree = "<group>";
		};
		2DCD094A2AE36C070040BD36 /* Products */ = {
			isa = PBXGroup;
			children = (
				2DCD09492AE36C070040BD36 /* Photo Journal.app */,
				2DCD095D2AE36C090040BD36 /* Photo JournalTests.xctest */,
				2DCD09672AE36C090040BD36 /* Photo JournalUITests.xctest */,
			);
			name = Products;
			sourceTree = "<group>";
		};
		2DCD094B2AE36C070040BD36 /* Photo Journal */ = {
			isa = PBXGroup;
			children = (
				2DCD094C2AE36C070040BD36 /* Photo_JournalApp.swift */,
				2DE48B792AE4BDDF009D4549 /* ViewModel */,
				2DE48B822AE4C217009D4549 /* View */,
				2DCD09502AE36C070040BD36 /* Item.swift */,
				2DCD09522AE36C090040BD36 /* Assets.xcassets */,
				2DCD09542AE36C090040BD36 /* Photo_Journal.entitlements */,
				2DCD09582AE36C090040BD36 /* Info.plist */,
				2DCD09552AE36C090040BD36 /* Preview Content */,
			);
			path = "Photo Journal";
			sourceTree = "<group>";
		};
		2DCD09552AE36C090040BD36 /* Preview Content */ = {
			isa = PBXGroup;
			children = (
				2DCD09562AE36C090040BD36 /* Preview Assets.xcassets */,
			);
			path = "Preview Content";
			sourceTree = "<group>";
		};
		2DCD09602AE36C090040BD36 /* Photo JournalTests */ = {
			isa = PBXGroup;
			children = (
				2DCD09612AE36C090040BD36 /* Photo_JournalTests.swift */,
			);
			path = "Photo JournalTests";
			sourceTree = "<group>";
		};
		2DCD096A2AE36C090040BD36 /* Photo JournalUITests */ = {
			isa = PBXGroup;
			children = (
				2DCD096B2AE36C090040BD36 /* Photo_JournalUITests.swift */,
				2DCD096D2AE36C090040BD36 /* Photo_JournalUITestsLaunchTests.swift */,
			);
			path = "Photo JournalUITests";
			sourceTree = "<group>";
		};
		2DE48B792AE4BDDF009D4549 /* ViewModel */ = {
			isa = PBXGroup;
			children = (
				2DE48B7D2AE4BE1E009D4549 /* MemoModel.swift */,
			);
			path = ViewModel;
			sourceTree = "<group>";
		};
		2DE48B822AE4C217009D4549 /* View */ = {
			isa = PBXGroup;
			children = (
				2DCD094E2AE36C070040BD36 /* ContentView.swift */,
				2DE48B752AE496C7009D4549 /* NewJournalView.swift */,
				2DE48B732AE48F86009D4549 /* GuideView.swift */,
				2DE48B712AE48CCE009D4549 /* ArchiveView.swift */,
				2DE48B772AE4BA70009D4549 /* MemoDetailView.swift */,
			);
			path = View;
			sourceTree = "<group>";
		};
/* End PBXGroup section */

/* Begin PBXNativeTarget section */
		2DCD09482AE36C070040BD36 /* Photo Journal */ = {
			isa = PBXNativeTarget;
			buildConfigurationList = 2DCD09712AE36C090040BD36 /* Build configuration list for PBXNativeTarget "Photo Journal" */;
			buildPhases = (
				2DCD09452AE36C070040BD36 /* Sources */,
				2DCD09462AE36C070040BD36 /* Frameworks */,
				2DCD09472AE36C070040BD36 /* Resources */,
			);
			buildRules = (
			);
			dependencies = (
			);
			name = "Photo Journal";
			productName = "Photo Journal";
			productReference = 2DCD09492AE36C070040BD36 /* Photo Journal.app */;
			productType = "com.apple.product-type.application";
		};
		2DCD095C2AE36C090040BD36 /* Photo JournalTests */ = {
			isa = PBXNativeTarget;
			buildConfigurationList = 2DCD09742AE36C090040BD36 /* Build configuration list for PBXNativeTarget "Photo JournalTests" */;
			buildPhases = (
				2DCD09592AE36C090040BD36 /* Sources */,
				2DCD095A2AE36C090040BD36 /* Frameworks */,
				2DCD095B2AE36C090040BD36 /* Resources */,
			);
			buildRules = (
			);
			dependencies = (
				2DCD095F2AE36C090040BD36 /* PBXTargetDependency */,
			);
			name = "Photo JournalTests";
			productName = "Photo JournalTests";
			productReference = 2DCD095D2AE36C090040BD36 /* Photo JournalTests.xctest */;
			productType = "com.apple.product-type.bundle.unit-test";
		};
		2DCD09662AE36C090040BD36 /* Photo JournalUITests */ = {
			isa = PBXNativeTarget;
			buildConfigurationList = 2DCD09772AE36C090040BD36 /* Build configuration list for PBXNativeTarget "Photo JournalUITests" */;
			buildPhases = (
				2DCD09632AE36C090040BD36 /* Sources */,
				2DCD09642AE36C090040BD36 /* Frameworks */,
				2DCD09652AE36C090040BD36 /* Resources */,
			);
			buildRules = (
			);
			dependencies = (
				2DCD09692AE36C090040BD36 /* PBXTargetDependency */,
			);
			name = "Photo JournalUITests";
			productName = "Photo JournalUITests";
			productReference = 2DCD09672AE36C090040BD36 /* Photo JournalUITests.xctest */;
			productType = "com.apple.product-type.bundle.ui-testing";
		};
/* End PBXNativeTarget section */

/* Begin PBXProject section */
		2DCD09412AE36C070040BD36 /* Project object */ = {
			isa = PBXProject;
			attributes = {
				BuildIndependentTargetsInParallel = 1;
				LastSwiftUpdateCheck = 1500;
				LastUpgradeCheck = 1500;
				TargetAttributes = {
					2DCD09482AE36C070040BD36 = {
						CreatedOnToolsVersion = 15.0.1;
					};
					2DCD095C2AE36C090040BD36 = {
						CreatedOnToolsVersion = 15.0.1;
						TestTargetID = 2DCD09482AE36C070040BD36;
					};
					2DCD09662AE36C090040BD36 = {
						CreatedOnToolsVersion = 15.0.1;
						TestTargetID = 2DCD09482AE36C070040BD36;
					};
				};
			};
			buildConfigurationList = 2DCD09442AE36C070040BD36 /* Build configuration list for PBXProject "Photo Journal" */;
			compatibilityVersion = "Xcode 14.0";
			developmentRegion = en;
			hasScannedForEncodings = 0;
			knownRegions = (
				en,
				Base,
			);
			mainGroup = 2DCD09402AE36C070040BD36;
			productRefGroup = 2DCD094A2AE36C070040BD36 /* Products */;
			projectDirPath = "";
			projectRoot = "";
			targets = (
				2DCD09482AE36C070040BD36 /* Photo Journal */,
				2DCD095C2AE36C090040BD36 /* Photo JournalTests */,
				2DCD09662AE36C090040BD36 /* Photo JournalUITests */,
			);
		};
/* End PBXProject section */

/* Begin PBXResourcesBuildPhase section */
		2DCD09472AE36C070040BD36 /* Resources */ = {
			isa = PBXResourcesBuildPhase;
			buildActionMask = 2147483647;
			files = (
				2DCD09572AE36C090040BD36 /* Preview Assets.xcassets in Resources */,
				2DCD09532AE36C090040BD36 /* Assets.xcassets in Resources */,
			);
			runOnlyForDeploymentPostprocessing = 0;
		};
		2DCD095B2AE36C090040BD36 /* Resources */ = {
			isa = PBXResourcesBuildPhase;
			buildActionMask = 2147483647;
			files = (
			);
			runOnlyForDeploymentPostprocessing = 0;
		};
		2DCD09652AE36C090040BD36 /* Resources */ = {
			isa = PBXResourcesBuildPhase;
			buildActionMask = 2147483647;
			files = (
			);
			runOnlyForDeploymentPostprocessing = 0;
		};
/* End PBXResourcesBuildPhase section */

/* Begin PBXSourcesBuildPhase section */
		2DCD09452AE36C070040BD36 /* Sources */ = {
			isa = PBXSourcesBuildPhase;
			buildActionMask = 2147483647;
			files = (
				2DE48B782AE4BA70009D4549 /* MemoDetailView.swift in Sources */,
				2DCD094F2AE36C070040BD36 /* ContentView.swift in Sources */,
				2DE48B7E2AE4BE1E009D4549 /* MemoModel.swift in Sources */,
				2DE48B742AE48F86009D4549 /* GuideView.swift in Sources */,
				2DCD09512AE36C070040BD36 /* Item.swift in Sources */,
				2DE48B722AE48CCE009D4549 /* ArchiveView.swift in Sources */,
				2DE48B762AE496C7009D4549 /* NewJournalView.swift in Sources */,
				2DCD094D2AE36C070040BD36 /* Photo_JournalApp.swift in Sources */,
			);
			runOnlyForDeploymentPostprocessing = 0;
		};
		2DCD09592AE36C090040BD36 /* Sources */ = {
			isa = PBXSourcesBuildPhase;
			buildActionMask = 2147483647;
			files = (
				2DCD09622AE36C090040BD36 /* Photo_JournalTests.swift in Sources */,
			);
			runOnlyForDeploymentPostprocessing = 0;
		};
		2DCD09632AE36C090040BD36 /* Sources */ = {
			isa = PBXSourcesBuildPhase;
			buildActionMask = 2147483647;
			files = (
				2DCD096C2AE36C090040BD36 /* Photo_JournalUITests.swift in Sources */,
				2DCD096E2AE36C090040BD36 /* Photo_JournalUITestsLaunchTests.swift in Sources */,
			);
			runOnlyForDeploymentPostprocessing = 0;
		};
/* End PBXSourcesBuildPhase section */

/* Begin PBXTargetDependency section */
		2DCD095F2AE36C090040BD36 /* PBXTargetDependency */ = {
			isa = PBXTargetDependency;
			target = 2DCD09482AE36C070040BD36 /* Photo Journal */;
			targetProxy = 2DCD095E2AE36C090040BD36 /* PBXContainerItemProxy */;
		};
		2DCD09692AE36C090040BD36 /* PBXTargetDependency */ = {
			isa = PBXTargetDependency;
			target = 2DCD09482AE36C070040BD36 /* Photo Journal */;
			targetProxy = 2DCD09682AE36C090040BD36 /* PBXContainerItemProxy */;
		};
/* End PBXTargetDependency section */

/* Begin XCBuildConfiguration section */
		2DCD096F2AE36C090040BD36 /* Debug */ = {
			isa = XCBuildConfiguration;
			buildSettings = {
				ALWAYS_SEARCH_USER_PATHS = NO;
				ASSETCATALOG_COMPILER_GENERATE_SWIFT_ASSET_SYMBOL_EXTENSIONS = YES;
				CLANG_ANALYZER_NONNULL = YES;
				CLANG_ANALYZER_NUMBER_OBJECT_CONVERSION = YES_AGGRESSIVE;
				CLANG_CXX_LANGUAGE_STANDARD = "gnu++20";
				CLANG_ENABLE_MODULES = YES;
				CLANG_ENABLE_OBJC_ARC = YES;
				CLANG_ENABLE_OBJC_WEAK = YES;
				CLANG_WARN_BLOCK_CAPTURE_AUTORELEASING = YES;
				CLANG_WARN_BOOL_CONVERSION = YES;
				CLANG_WARN_COMMA = YES;
				CLANG_WARN_CONSTANT_CONVERSION = YES;
				CLANG_WARN_DEPRECATED_OBJC_IMPLEMENTATIONS = YES;
				CLANG_WARN_DIRECT_OBJC_ISA_USAGE = YES_ERROR;
				CLANG_WARN_DOCUMENTATION_COMMENTS = YES;
				CLANG_WARN_EMPTY_BODY = YES;
				CLANG_WARN_ENUM_CONVERSION = YES;
				CLANG_WARN_INFINITE_RECURSION = YES;
				CLANG_WARN_INT_CONVERSION = YES;
				CLANG_WARN_NON_LITERAL_NULL_CONVERSION = YES;
				CLANG_WARN_OBJC_IMPLICIT_RETAIN_SELF = YES;
				CLANG_WARN_OBJC_LITERAL_CONVERSION = YES;
				CLANG_WARN_OBJC_ROOT_CLASS = YES_ERROR;
				CLANG_WARN_QUOTED_INCLUDE_IN_FRAMEWORK_HEADER = YES;
				CLANG_WARN_RANGE_LOOP_ANALYSIS = YES;
				CLANG_WARN_STRICT_PROTOTYPES = YES;
				CLANG_WARN_SUSPICIOUS_MOVE = YES;
				CLANG_WARN_UNGUARDED_AVAILABILITY = YES_AGGRESSIVE;
				CLANG_WARN_UNREACHABLE_CODE = YES;
				CLANG_WARN__DUPLICATE_METHOD_MATCH = YES;
				COPY_PHASE_STRIP = NO;
				DEBUG_INFORMATION_FORMAT = dwarf;
				ENABLE_STRICT_OBJC_MSGSEND = YES;
				ENABLE_TESTABILITY = YES;
				ENABLE_USER_SCRIPT_SANDBOXING = YES;
				GCC_C_LANGUAGE_STANDARD = gnu17;
				GCC_DYNAMIC_NO_PIC = NO;
				GCC_NO_COMMON_BLOCKS = YES;
				GCC_OPTIMIZATION_LEVEL = 0;
				GCC_PREPROCESSOR_DEFINITIONS = (
					"DEBUG=1",
					"$(inherited)",
				);
				GCC_WARN_64_TO_32_BIT_CONVERSION = YES;
				GCC_WARN_ABOUT_RETURN_TYPE = YES_ERROR;
				GCC_WARN_UNDECLARED_SELECTOR = YES;
				GCC_WARN_UNINITIALIZED_AUTOS = YES_AGGRESSIVE;
				GCC_WARN_UNUSED_FUNCTION = YES;
				GCC_WARN_UNUSED_VARIABLE = YES;
				LOCALIZATION_PREFERS_STRING_CATALOGS = YES;
				MTL_ENABLE_DEBUG_INFO = INCLUDE_SOURCE;
				MTL_FAST_MATH = YES;
				ONLY_ACTIVE_ARCH = YES;
				SWIFT_ACTIVE_COMPILATION_CONDITIONS = "DEBUG $(inherited)";
				SWIFT_OPTIMIZATION_LEVEL = "-Onone";
			};
			name = Debug;
		};
		2DCD09702AE36C090040BD36 /* Release */ = {
			isa = XCBuildConfiguration;
			buildSettings = {
				ALWAYS_SEARCH_USER_PATHS = NO;
				ASSETCATALOG_COMPILER_GENERATE_SWIFT_ASSET_SYMBOL_EXTENSIONS = YES;
				CLANG_ANALYZER_NONNULL = YES;
				CLANG_ANALYZER_NUMBER_OBJECT_CONVERSION = YES_AGGRESSIVE;
				CLANG_CXX_LANGUAGE_STANDARD = "gnu++20";
				CLANG_ENABLE_MODULES = YES;
				CLANG_ENABLE_OBJC_ARC = YES;
				CLANG_ENABLE_OBJC_WEAK = YES;
				CLANG_WARN_BLOCK_CAPTURE_AUTORELEASING = YES;
				CLANG_WARN_BOOL_CONVERSION = YES;
				CLANG_WARN_COMMA = YES;
				CLANG_WARN_CONSTANT_CONVERSION = YES;
				CLANG_WARN_DEPRECATED_OBJC_IMPLEMENTATIONS = YES;
				CLANG_WARN_DIRECT_OBJC_ISA_USAGE = YES_ERROR;
				CLANG_WARN_DOCUMENTATION_COMMENTS = YES;
				CLANG_WARN_EMPTY_BODY = YES;
				CLANG_WARN_ENUM_CONVERSION = YES;
				CLANG_WARN_INFINITE_RECURSION = YES;
				CLANG_WARN_INT_CONVERSION = YES;
				CLANG_WARN_NON_LITERAL_NULL_CONVERSION = YES;
				CLANG_WARN_OBJC_IMPLICIT_RETAIN_SELF = YES;
				CLANG_WARN_OBJC_LITERAL_CONVERSION = YES;
				CLANG_WARN_OBJC_ROOT_CLASS = YES_ERROR;
				CLANG_WARN_QUOTED_INCLUDE_IN_FRAMEWORK_HEADER = YES;
				CLANG_WARN_RANGE_LOOP_ANALYSIS = YES;
				CLANG_WARN_STRICT_PROTOTYPES = YES;
				CLANG_WARN_SUSPICIOUS_MOVE = YES;
				CLANG_WARN_UNGUARDED_AVAILABILITY = YES_AGGRESSIVE;
				CLANG_WARN_UNREACHABLE_CODE = YES;
				CLANG_WARN__DUPLICATE_METHOD_MATCH = YES;
				COPY_PHASE_STRIP = NO;
				DEBUG_INFORMATION_FORMAT = "dwarf-with-dsym";
				ENABLE_NS_ASSERTIONS = NO;
				ENABLE_STRICT_OBJC_MSGSEND = YES;
				ENABLE_USER_SCRIPT_SANDBOXING = YES;
				GCC_C_LANGUAGE_STANDARD = gnu17;
				GCC_NO_COMMON_BLOCKS = YES;
				GCC_WARN_64_TO_32_BIT_CONVERSION = YES;
				GCC_WARN_ABOUT_RETURN_TYPE = YES_ERROR;
				GCC_WARN_UNDECLARED_SELECTOR = YES;
				GCC_WARN_UNINITIALIZED_AUTOS = YES_AGGRESSIVE;
				GCC_WARN_UNUSED_FUNCTION = YES;
				GCC_WARN_UNUSED_VARIABLE = YES;
				LOCALIZATION_PREFERS_STRING_CATALOGS = YES;
				MTL_ENABLE_DEBUG_INFO = NO;
				MTL_FAST_MATH = YES;
				SWIFT_COMPILATION_MODE = wholemodule;
			};
			name = Release;
		};
		2DCD09722AE36C090040BD36 /* Debug */ = {
			isa = XCBuildConfiguration;
			buildSettings = {
				ASSETCATALOG_COMPILER_APPICON_NAME = AppIcon;
				ASSETCATALOG_COMPILER_GLOBAL_ACCENT_COLOR_NAME = AccentColor;
				CODE_SIGN_ENTITLEMENTS = "Photo Journal/Photo_Journal.entitlements";
				CODE_SIGN_STYLE = Automatic;
				CURRENT_PROJECT_VERSION = 1;
				DEVELOPMENT_ASSET_PATHS = "\"Photo Journal/Preview Content\"";
				DEVELOPMENT_TEAM = 2G8T9W9K47;
				ENABLE_HARDENED_RUNTIME = YES;
				ENABLE_PREVIEWS = YES;
				GENERATE_INFOPLIST_FILE = YES;
				INFOPLIST_FILE = "Photo Journal/Info.plist";
				"INFOPLIST_KEY_UIApplicationSceneManifest_Generation[sdk=iphoneos*]" = YES;
				"INFOPLIST_KEY_UIApplicationSceneManifest_Generation[sdk=iphonesimulator*]" = YES;
				"INFOPLIST_KEY_UIApplicationSupportsIndirectInputEvents[sdk=iphoneos*]" = YES;
				"INFOPLIST_KEY_UIApplicationSupportsIndirectInputEvents[sdk=iphonesimulator*]" = YES;
				"INFOPLIST_KEY_UILaunchScreen_Generation[sdk=iphoneos*]" = YES;
				"INFOPLIST_KEY_UILaunchScreen_Generation[sdk=iphonesimulator*]" = YES;
				"INFOPLIST_KEY_UIStatusBarStyle[sdk=iphoneos*]" = UIStatusBarStyleDefault;
				"INFOPLIST_KEY_UIStatusBarStyle[sdk=iphonesimulator*]" = UIStatusBarStyleDefault;
				INFOPLIST_KEY_UISupportedInterfaceOrientations_iPad = "UIInterfaceOrientationPortrait UIInterfaceOrientationPortraitUpsideDown UIInterfaceOrientationLandscapeLeft UIInterfaceOrientationLandscapeRight";
				INFOPLIST_KEY_UISupportedInterfaceOrientations_iPhone = "UIInterfaceOrientationPortrait UIInterfaceOrientationLandscapeLeft UIInterfaceOrientationLandscapeRight";
				IPHONEOS_DEPLOYMENT_TARGET = 17.0;
				LD_RUNPATH_SEARCH_PATHS = "@executable_path/Frameworks";
				"LD_RUNPATH_SEARCH_PATHS[sdk=macosx*]" = "@executable_path/../Frameworks";
				MACOSX_DEPLOYMENT_TARGET = 14.0;
				MARKETING_VERSION = 1.0;
				PRODUCT_BUNDLE_IDENTIFIER = "com.marcus.Photo-Journal";
				PRODUCT_NAME = "$(TARGET_NAME)";
				SDKROOT = auto;
				SUPPORTED_PLATFORMS = "iphonesimulator iphoneos";
				SWIFT_EMIT_LOC_STRINGS = YES;
				SWIFT_VERSION = 5.0;
				TARGETED_DEVICE_FAMILY = "1,2";
			};
			name = Debug;
		};
		2DCD09732AE36C090040BD36 /* Release */ = {
			isa = XCBuildConfiguration;
			buildSettings = {
				ASSETCATALOG_COMPILER_APPICON_NAME = AppIcon;
				ASSETCATALOG_COMPILER_GLOBAL_ACCENT_COLOR_NAME = AccentColor;
				CODE_SIGN_ENTITLEMENTS = "Photo Journal/Photo_Journal.entitlements";
				CODE_SIGN_STYLE = Automatic;
				CURRENT_PROJECT_VERSION = 1;
				DEVELOPMENT_ASSET_PATHS = "\"Photo Journal/Preview Content\"";
				DEVELOPMENT_TEAM = 2G8T9W9K47;
				ENABLE_HARDENED_RUNTIME = YES;
				ENABLE_PREVIEWS = YES;
				GENERATE_INFOPLIST_FILE = YES;
				INFOPLIST_FILE = "Photo Journal/Info.plist";
				"INFOPLIST_KEY_UIApplicationSceneManifest_Generation[sdk=iphoneos*]" = YES;
				"INFOPLIST_KEY_UIApplicationSceneManifest_Generation[sdk=iphonesimulator*]" = YES;
				"INFOPLIST_KEY_UIApplicationSupportsIndirectInputEvents[sdk=iphoneos*]" = YES;
				"INFOPLIST_KEY_UIApplicationSupportsIndirectInputEvents[sdk=iphonesimulator*]" = YES;
				"INFOPLIST_KEY_UILaunchScreen_Generation[sdk=iphoneos*]" = YES;
				"INFOPLIST_KEY_UILaunchScreen_Generation[sdk=iphonesimulator*]" = YES;
				"INFOPLIST_KEY_UIStatusBarStyle[sdk=iphoneos*]" = UIStatusBarStyleDefault;
				"INFOPLIST_KEY_UIStatusBarStyle[sdk=iphonesimulator*]" = UIStatusBarStyleDefault;
				INFOPLIST_KEY_UISupportedInterfaceOrientations_iPad = "UIInterfaceOrientationPortrait UIInterfaceOrientationPortraitUpsideDown UIInterfaceOrientationLandscapeLeft UIInterfaceOrientationLandscapeRight";
				INFOPLIST_KEY_UISupportedInterfaceOrientations_iPhone = "UIInterfaceOrientationPortrait UIInterfaceOrientationLandscapeLeft UIInterfaceOrientationLandscapeRight";
				IPHONEOS_DEPLOYMENT_TARGET = 17.0;
				LD_RUNPATH_SEARCH_PATHS = "@executable_path/Frameworks";
				"LD_RUNPATH_SEARCH_PATHS[sdk=macosx*]" = "@executable_path/../Frameworks";
				MACOSX_DEPLOYMENT_TARGET = 14.0;
				MARKETING_VERSION = 1.0;
				PRODUCT_BUNDLE_IDENTIFIER = "com.marcus.Photo-Journal";
				PRODUCT_NAME = "$(TARGET_NAME)";
				SDKROOT = auto;
				SUPPORTED_PLATFORMS = "iphonesimulator iphoneos";
				SWIFT_EMIT_LOC_STRINGS = YES;
				SWIFT_VERSION = 5.0;
				TARGETED_DEVICE_FAMILY = "1,2";
			};
			name = Release;
		};
		2DCD09752AE36C090040BD36 /* Debug */ = {
			isa = XCBuildConfiguration;
			buildSettings = {
				ALWAYS_EMBED_SWIFT_STANDARD_LIBRARIES = YES;
				BUNDLE_LOADER = "$(TEST_HOST)";
				CODE_SIGN_STYLE = Automatic;
				CURRENT_PROJECT_VERSION = 1;
				DEVELOPMENT_TEAM = 2G8T9W9K47;
				GENERATE_INFOPLIST_FILE = YES;
				IPHONEOS_DEPLOYMENT_TARGET = 17.0;
				MACOSX_DEPLOYMENT_TARGET = 13.5;
				MARKETING_VERSION = 1.0;
				PRODUCT_BUNDLE_IDENTIFIER = "com.marcus.Photo-JournalTests";
				PRODUCT_NAME = "$(TARGET_NAME)";
				SDKROOT = auto;
				SUPPORTED_PLATFORMS = "iphoneos iphonesimulator macosx";
				SWIFT_EMIT_LOC_STRINGS = NO;
				SWIFT_VERSION = 5.0;
				TARGETED_DEVICE_FAMILY = "1,2";
				TEST_HOST = "$(BUILT_PRODUCTS_DIR)/Photo Journal.app/$(BUNDLE_EXECUTABLE_FOLDER_PATH)/Photo Journal";
			};
			name = Debug;
		};
		2DCD09762AE36C090040BD36 /* Release */ = {
			isa = XCBuildConfiguration;
			buildSettings = {
				ALWAYS_EMBED_SWIFT_STANDARD_LIBRARIES = YES;
				BUNDLE_LOADER = "$(TEST_HOST)";
				CODE_SIGN_STYLE = Automatic;
				CURRENT_PROJECT_VERSION = 1;
				DEVELOPMENT_TEAM = 2G8T9W9K47;
				GENERATE_INFOPLIST_FILE = YES;
				IPHONEOS_DEPLOYMENT_TARGET = 17.0;
				MACOSX_DEPLOYMENT_TARGET = 13.5;
				MARKETING_VERSION = 1.0;
				PRODUCT_BUNDLE_IDENTIFIER = "com.marcus.Photo-JournalTests";
				PRODUCT_NAME = "$(TARGET_NAME)";
				SDKROOT = auto;
				SUPPORTED_PLATFORMS = "iphoneos iphonesimulator macosx";
				SWIFT_EMIT_LOC_STRINGS = NO;
				SWIFT_VERSION = 5.0;
				TARGETED_DEVICE_FAMILY = "1,2";
				TEST_HOST = "$(BUILT_PRODUCTS_DIR)/Photo Journal.app/$(BUNDLE_EXECUTABLE_FOLDER_PATH)/Photo Journal";
			};
			name = Release;
		};
		2DCD09782AE36C090040BD36 /* Debug */ = {
			isa = XCBuildConfiguration;
			buildSettings = {
				ALWAYS_EMBED_SWIFT_STANDARD_LIBRARIES = YES;
				CODE_SIGN_STYLE = Automatic;
				CURRENT_PROJECT_VERSION = 1;
				DEVELOPMENT_TEAM = 2G8T9W9K47;
				GENERATE_INFOPLIST_FILE = YES;
				IPHONEOS_DEPLOYMENT_TARGET = 17.0;
				MACOSX_DEPLOYMENT_TARGET = 13.5;
				MARKETING_VERSION = 1.0;
				PRODUCT_BUNDLE_IDENTIFIER = "com.marcus.Photo-JournalUITests";
				PRODUCT_NAME = "$(TARGET_NAME)";
				SDKROOT = auto;
				SUPPORTED_PLATFORMS = "iphoneos iphonesimulator macosx";
				SWIFT_EMIT_LOC_STRINGS = NO;
				SWIFT_VERSION = 5.0;
				TARGETED_DEVICE_FAMILY = "1,2";
				TEST_TARGET_NAME = "Photo Journal";
			};
			name = Debug;
		};
		2DCD09792AE36C090040BD36 /* Release */ = {
			isa = XCBuildConfiguration;
			buildSettings = {
				ALWAYS_EMBED_SWIFT_STANDARD_LIBRARIES = YES;
				CODE_SIGN_STYLE = Automatic;
				CURRENT_PROJECT_VERSION = 1;
				DEVELOPMENT_TEAM = 2G8T9W9K47;
				GENERATE_INFOPLIST_FILE = YES;
				IPHONEOS_DEPLOYMENT_TARGET = 17.0;
				MACOSX_DEPLOYMENT_TARGET = 13.5;
				MARKETING_VERSION = 1.0;
				PRODUCT_BUNDLE_IDENTIFIER = "com.marcus.Photo-JournalUITests";
				PRODUCT_NAME = "$(TARGET_NAME)";
				SDKROOT = auto;
				SUPPORTED_PLATFORMS = "iphoneos iphonesimulator macosx";
				SWIFT_EMIT_LOC_STRINGS = NO;
				SWIFT_VERSION = 5.0;
				TARGETED_DEVICE_FAMILY = "1,2";
				TEST_TARGET_NAME = "Photo Journal";
			};
			name = Release;
		};
/* End XCBuildConfiguration section */

/* Begin XCConfigurationList section */
		2DCD09442AE36C070040BD36 /* Build configuration list for PBXProject "Photo Journal" */ = {
			isa = XCConfigurationList;
			buildConfigurations = (
				2DCD096F2AE36C090040BD36 /* Debug */,
				2DCD09702AE36C090040BD36 /* Release */,
			);
			defaultConfigurationIsVisible = 0;
			defaultConfigurationName = Release;
		};
		2DCD09712AE36C090040BD36 /* Build configuration list for PBXNativeTarget "Photo Journal" */ = {
			isa = XCConfigurationList;
			buildConfigurations = (
				2DCD09722AE36C090040BD36 /* Debug */,
				2DCD09732AE36C090040BD36 /* Release */,
			);
			defaultConfigurationIsVisible = 0;
			defaultConfigurationName = Release;
		};
		2DCD09742AE36C090040BD36 /* Build configuration list for PBXNativeTarget "Photo JournalTests" */ = {
			isa = XCConfigurationList;
			buildConfigurations = (
				2DCD09752AE36C090040BD36 /* Debug */,
				2DCD09762AE36C090040BD36 /* Release */,
			);
			defaultConfigurationIsVisible = 0;
			defaultConfigurationName = Release;
		};
		2DCD09772AE36C090040BD36 /* Build configuration list for PBXNativeTarget "Photo JournalUITests" */ = {
			isa = XCConfigurationList;
			buildConfigurations = (
				2DCD09782AE36C090040BD36 /* Debug */,
				2DCD09792AE36C090040BD36 /* Release */,
			);
			defaultConfigurationIsVisible = 0;
			defaultConfigurationName = Release;
		};
/* End XCConfigurationList section */
	};
	rootObject = 2DCD09412AE36C070040BD36 /* Project object */;
}
